
Microsoft Visual Studio Solution File, Format Version 11.00
# Visual Studio 2010
Project("{FAE04EC0-301F-11D3-BF4B-00C04F79EFBC}") = "ValueMail", "ValueMail\ValueMail.csproj", "{80415103-DF80-4E00-B0F3-5E11C64F74E5}"
EndProject
Project("{FAE04EC0-301F-11D3-BF4B-00C04F79EFBC}") = "ValueMail.Test", "ValueMail.Test\ValueMail.Test.csproj", "{E949F16D-2709-461B-998C-9E1E790FEA6C}"
EndProject
Global
	GlobalSection(SolutionConfigurationPlatforms) = preSolution
		Debug|Any CPU = Debug|Any CPU
		Debug|Mixed Platforms = Debug|Mixed Platforms
		Debug|x86 = Debug|x86
		Release|Any CPU = Release|Any CPU
		Release|Mixed Platforms = Release|Mixed Platforms
		Release|x86 = Release|x86
	EndGlobalSection
	GlobalSection(ProjectConfigurationPlatforms) = postSolution
		{80415103-DF80-4E00-B0F3-5E11C64F74E5}.Debug|Any CPU.ActiveCfg = Debug|Any CPU
		{80415103-DF80-4E00-B0F3-5E11C64F74E5}.Debug|Any CPU.Build.0 = Debug|Any CPU
		{80415103-DF80-4E00-B0F3-5E11C64F74E5}.Debug|Mixed Platforms.ActiveCfg = Debug|Any CPU
		{80415103-DF80-4E00-B0F3-5E11C64F74E5}.Debug|Mixed Platforms.Build.0 = Debug|Any CPU
		{80415103-DF80-4E00-B0F3-5E11C64F74E5}.Debug|x86.ActiveCfg = Debug|Any CPU
		{80415103-DF80-4E00-B0F3-5E11C64F74E5}.Release|Any CPU.ActiveCfg = Release|Any CPU
		{80415103-DF80-4E00-B0F3-5E11C64F74E5}.Release|Any CPU.Build.0 = Release|Any CPU
		{80415103-DF80-4E00-B0F3-5E11C64F74E5}.Release|Mixed Platforms.ActiveCfg = Release|Any CPU
		{80415103-DF80-4E00-B0F3-5E11C64F74E5}.Release|Mixed Platforms.Build.0 = Release|Any CPU
		{80415103-DF80-4E00-B0F3-5E11C64F74E5}.Release|x86.ActiveCfg = Release|Any CPU
		{E949F16D-2709-461B-998C-9E1E790FEA6C}.Debug|Any CPU.ActiveCfg = Debug|x86
		{E949F16D-2709-461B-998C-9E1E790FEA6C}.Debug|Mixed Platforms.ActiveCfg = Debug|x86
		{E949F16D-2709-461B-998C-9E1E790FEA6C}.Debug|Mixed Platforms.Build.0 = Debug|x86
		{E949F16D-2709-461B-998C-9E1E790FEA6C}.Debug|x86.ActiveCfg = Debug|x86
		{E949F16D-2709-461B-998C-9E1E790FEA6C}.Debug|x86.Build.0 = Debug|x86
		{E949F16D-2709-461B-998C-9E1E790FEA6C}.Release|Any CPU.ActiveCfg = Release|x86
		{E949F16D-2709-461B-998C-9E1E790FEA6C}.Release|Mixed Platforms.ActiveCfg = Release|x86
		{E949F16D-2709-461B-998C-9E1E790FEA6C}.Release|Mixed Platforms.Build.0 = Release|x86
		{E949F16D-2709-461B-998C-9E1E790FEA6C}.Release|x86.ActiveCfg = Release|x86
		{E949F16D-2709-461B-998C-9E1E790FEA6C}.Release|x86.Build.0 = Release|x86
	EndGlobalSection
	GlobalSection(SolutionProperties) = preSolution
		HideSolutionNode = FALSE
	EndGlobalSection
EndGlobal
